// !$*UTF8*$!
{
	archiveVersion = 1;
	classes = {
	};
	objectVersion = 56;
	objects = {

/* Begin PBXBuildFile section */
		B730815E2C0A4AC0003D7748 /* AppDelegate.swift in Sources */ = {isa = PBXBuildFile; fileRef = B730815D2C0A4AC0003D7748 /* AppDelegate.swift */; };
		B73081602C0A4AC0003D7748 /* SceneDelegate.swift in Sources */ = {isa = PBXBuildFile; fileRef = B730815F2C0A4AC0003D7748 /* SceneDelegate.swift */; };
		B73081622C0A4AC0003D7748 /* MapVC.swift in Sources */ = {isa = PBXBuildFile; fileRef = B73081612C0A4AC0003D7748 /* MapVC.swift */; };
		B73081672C0A4AC1003D7748 /* Assets.xcassets in Resources */ = {isa = PBXBuildFile; fileRef = B73081662C0A4AC1003D7748 /* Assets.xcassets */; };
		B730816A2C0A4AC1003D7748 /* Base in Resources */ = {isa = PBXBuildFile; fileRef = B73081692C0A4AC1003D7748 /* Base */; };
		B77FA7862C0B8C3C0014B710 /* MapboxMaps in Frameworks */ = {isa = PBXBuildFile; productRef = B77FA7852C0B8C3C0014B710 /* MapboxMaps */; };
		B77FA78A2C0B8DAD0014B710 /* GearVC.swift in Sources */ = {isa = PBXBuildFile; fileRef = B77FA7892C0B8DAD0014B710 /* GearVC.swift */; };
		B77FA78D2C0E29930014B710 /* MyMapsVC.swift in Sources */ = {isa = PBXBuildFile; fileRef = B77FA78C2C0E29930014B710 /* MyMapsVC.swift */; };
		B77FA78F2C0E2A2F0014B710 /* TabVC.swift in Sources */ = {isa = PBXBuildFile; fileRef = B77FA78E2C0E2A2F0014B710 /* TabVC.swift */; };
/* End PBXBuildFile section */

/* Begin PBXFileReference section */
		B730815A2C0A4AC0003D7748 /* GoVenture.app */ = {isa = PBXFileReference; explicitFileType = wrapper.application; includeInIndex = 0; path = GoVenture.app; sourceTree = BUILT_PRODUCTS_DIR; };
		B730815D2C0A4AC0003D7748 /* AppDelegate.swift */ = {isa = PBXFileReference; lastKnownFileType = sourcecode.swift; path = AppDelegate.swift; sourceTree = "<group>"; };
		B730815F2C0A4AC0003D7748 /* SceneDelegate.swift */ = {isa = PBXFileReference; lastKnownFileType = sourcecode.swift; path = SceneDelegate.swift; sourceTree = "<group>"; };
		B73081612C0A4AC0003D7748 /* MapVC.swift */ = {isa = PBXFileReference; lastKnownFileType = sourcecode.swift; path = MapVC.swift; sourceTree = "<group>"; };
		B73081662C0A4AC1003D7748 /* Assets.xcassets */ = {isa = PBXFileReference; lastKnownFileType = folder.assetcatalog; path = Assets.xcassets; sourceTree = "<group>"; };
		B73081692C0A4AC1003D7748 /* Base */ = {isa = PBXFileReference; lastKnownFileType = file.storyboard; name = Base; path = Base.lproj/LaunchScreen.storyboard; sourceTree = "<group>"; };
		B730816B2C0A4AC1003D7748 /* Info.plist */ = {isa = PBXFileReference; lastKnownFileType = text.plist.xml; path = Info.plist; sourceTree = "<group>"; };
		B77FA7892C0B8DAD0014B710 /* GearVC.swift */ = {isa = PBXFileReference; lastKnownFileType = sourcecode.swift; path = GearVC.swift; sourceTree = "<group>"; };
		B77FA78C2C0E29930014B710 /* MyMapsVC.swift */ = {isa = PBXFileReference; lastKnownFileType = sourcecode.swift; path = MyMapsVC.swift; sourceTree = "<group>"; };
		B77FA78E2C0E2A2F0014B710 /* TabVC.swift */ = {isa = PBXFileReference; lastKnownFileType = sourcecode.swift; path = TabVC.swift; sourceTree = "<group>"; };
/* End PBXFileReference section */

/* Begin PBXFrameworksBuildPhase section */
		B73081572C0A4AC0003D7748 /* Frameworks */ = {
			isa = PBXFrameworksBuildPhase;
			buildActionMask = 2147483647;
			files = (
				B77FA7862C0B8C3C0014B710 /* MapboxMaps in Frameworks */,
			);
			runOnlyForDeploymentPostprocessing = 0;
		};
/* End PBXFrameworksBuildPhase section */

/* Begin PBXGroup section */
		B73081512C0A4AC0003D7748 = {
			isa = PBXGroup;
			children = (
				B730815C2C0A4AC0003D7748 /* GoVenture */,
				B730815B2C0A4AC0003D7748 /* Products */,
			);
			sourceTree = "<group>";
		};
		B730815B2C0A4AC0003D7748 /* Products */ = {
			isa = PBXGroup;
			children = (
				B730815A2C0A4AC0003D7748 /* GoVenture.app */,
			);
			name = Products;
			sourceTree = "<group>";
		};
		B730815C2C0A4AC0003D7748 /* GoVenture */ = {
			isa = PBXGroup;
			children = (
				B77FA78B2C0B8DB30014B710 /* Views */,
				B77FA7882C0B8CCF0014B710 /* Control */,
				B73081682C0A4AC1003D7748 /* LaunchScreen.storyboard */,
				B77FA7872C0B8CC20014B710 /* Resources */,
				B73081662C0A4AC1003D7748 /* Assets.xcassets */,
				B730816B2C0A4AC1003D7748 /* Info.plist */,
			);
			path = GoVenture;
			sourceTree = "<group>";
		};
		B77FA7872C0B8CC20014B710 /* Resources */ = {
			isa = PBXGroup;
			children = (
				B730815D2C0A4AC0003D7748 /* AppDelegate.swift */,
				B730815F2C0A4AC0003D7748 /* SceneDelegate.swift */,
			);
			path = Resources;
			sourceTree = "<group>";
		};
		B77FA7882C0B8CCF0014B710 /* Control */ = {
			isa = PBXGroup;
			children = (
			);
			path = Control;
			sourceTree = "<group>";
		};
		B77FA78B2C0B8DB30014B710 /* Views */ = {
			isa = PBXGroup;
			children = (
				B77FA78E2C0E2A2F0014B710 /* TabVC.swift */,
				B73081612C0A4AC0003D7748 /* MapVC.swift */,
				B77FA7892C0B8DAD0014B710 /* GearVC.swift */,
				B77FA78C2C0E29930014B710 /* MyMapsVC.swift */,
			);
			path = Views;
			sourceTree = "<group>";
		};
/* End PBXGroup section */

/* Begin PBXNativeTarget section */
		B73081592C0A4AC0003D7748 /* GoVenture */ = {
			isa = PBXNativeTarget;
			buildConfigurationList = B730816E2C0A4AC1003D7748 /* Build configuration list for PBXNativeTarget "GoVenture" */;
			buildPhases = (
				B73081562C0A4AC0003D7748 /* Sources */,
				B73081572C0A4AC0003D7748 /* Frameworks */,
				B73081582C0A4AC0003D7748 /* Resources */,
			);
			buildRules = (
			);
			dependencies = (
			);
			name = GoVenture;
			packageProductDependencies = (
				B77FA7852C0B8C3C0014B710 /* MapboxMaps */,
			);
			productName = GoVenture;
			productReference = B730815A2C0A4AC0003D7748 /* GoVenture.app */;
			productType = "com.apple.product-type.application";
		};
/* End PBXNativeTarget section */

/* Begin PBXProject section */
		B73081522C0A4AC0003D7748 /* Project object */ = {
			isa = PBXProject;
			attributes = {
				BuildIndependentTargetsInParallel = 1;
				LastSwiftUpdateCheck = 1540;
				LastUpgradeCheck = 1540;
				TargetAttributes = {
					B73081592C0A4AC0003D7748 = {
						CreatedOnToolsVersion = 15.4;
					};
				};
			};
			buildConfigurationList = B73081552C0A4AC0003D7748 /* Build configuration list for PBXProject "GoVenture" */;
			compatibilityVersion = "Xcode 14.0";
			developmentRegion = en;
			hasScannedForEncodings = 0;
			knownRegions = (
				en,
				Base,
			);
			mainGroup = B73081512C0A4AC0003D7748;
			packageReferences = (
				B77FA7842C0B8C3C0014B710 /* XCRemoteSwiftPackageReference "mapbox-maps-ios" */,
			);
			productRefGroup = B730815B2C0A4AC0003D7748 /* Products */;
			projectDirPath = "";
			projectRoot = "";
			targets = (
				B73081592C0A4AC0003D7748 /* GoVenture */,
			);
		};
/* End PBXProject section */

/* Begin PBXResourcesBuildPhase section */
		B73081582C0A4AC0003D7748 /* Resources */ = {
			isa = PBXResourcesBuildPhase;
			buildActionMask = 2147483647;
			files = (
				B73081672C0A4AC1003D7748 /* Assets.xcassets in Resources */,
				B730816A2C0A4AC1003D7748 /* Base in Resources */,
			);
			runOnlyForDeploymentPostprocessing = 0;
		};
/* End PBXResourcesBuildPhase section */

/* Begin PBXSourcesBuildPhase section */
		B73081562C0A4AC0003D7748 /* Sources */ = {
			isa = PBXSourcesBuildPhase;
			buildActionMask = 2147483647;
			files = (
				B77FA78F2C0E2A2F0014B710 /* TabVC.swift in Sources */,
				B77FA78D2C0E29930014B710 /* MyMapsVC.swift in Sources */,
				B73081622C0A4AC0003D7748 /* MapVC.swift in Sources */,
				B730815E2C0A4AC0003D7748 /* AppDelegate.swift in Sources */,
				B73081602C0A4AC0003D7748 /* SceneDelegate.swift in Sources */,
				B77FA78A2C0B8DAD0014B710 /* GearVC.swift in Sources */,
			);
			runOnlyForDeploymentPostprocessing = 0;
		};
/* End PBXSourcesBuildPhase section */

/* Begin PBXVariantGroup section */
		B73081682C0A4AC1003D7748 /* LaunchScreen.storyboard */ = {
			isa = PBXVariantGroup;
			children = (
				B73081692C0A4AC1003D7748 /* Base */,
			);
			name = LaunchScreen.storyboard;
			sourceTree = "<group>";
		};
/* End PBXVariantGroup section */

/* Begin XCBuildConfiguration section */
		B730816C2C0A4AC1003D7748 /* Debug */ = {
			isa = XCBuildConfiguration;
			buildSettings = {
				ALWAYS_SEARCH_USER_PATHS = NO;
				ASSETCATALOG_COMPILER_GENERATE_SWIFT_ASSET_SYMBOL_EXTENSIONS = YES;
				CLANG_ANALYZER_NONNULL = YES;
				CLANG_ANALYZER_NUMBER_OBJECT_CONVERSION = YES_AGGRESSIVE;
				CLANG_CXX_LANGUAGE_STANDARD = "gnu++20";
				CLANG_ENABLE_MODULES = YES;
				CLANG_ENABLE_OBJC_ARC = YES;
				CLANG_ENABLE_OBJC_WEAK = YES;
				CLANG_WARN_BLOCK_CAPTURE_AUTORELEASING = YES;
				CLANG_WARN_BOOL_CONVERSION = YES;
				CLANG_WARN_COMMA = YES;
				CLANG_WARN_CONSTANT_CONVERSION = YES;
				CLANG_WARN_DEPRECATED_OBJC_IMPLEMENTATIONS = YES;
				CLANG_WARN_DIRECT_OBJC_ISA_USAGE = YES_ERROR;
				CLANG_WARN_DOCUMENTATION_COMMENTS = YES;
				CLANG_WARN_EMPTY_BODY = YES;
				CLANG_WARN_ENUM_CONVERSION = YES;
				CLANG_WARN_INFINITE_RECURSION = YES;
				CLANG_WARN_INT_CONVERSION = YES;
				CLANG_WARN_NON_LITERAL_NULL_CONVERSION = YES;
				CLANG_WARN_OBJC_IMPLICIT_RETAIN_SELF = YES;
				CLANG_WARN_OBJC_LITERAL_CONVERSION = YES;
				CLANG_WARN_OBJC_ROOT_CLASS = YES_ERROR;
				CLANG_WARN_QUOTED_INCLUDE_IN_FRAMEWORK_HEADER = YES;
				CLANG_WARN_RANGE_LOOP_ANALYSIS = YES;
				CLANG_WARN_STRICT_PROTOTYPES = YES;
				CLANG_WARN_SUSPICIOUS_MOVE = YES;
				CLANG_WARN_UNGUARDED_AVAILABILITY = YES_AGGRESSIVE;
				CLANG_WARN_UNREACHABLE_CODE = YES;
				CLANG_WARN__DUPLICATE_METHOD_MATCH = YES;
				COPY_PHASE_STRIP = NO;
				DEBUG_INFORMATION_FORMAT = dwarf;
				ENABLE_STRICT_OBJC_MSGSEND = YES;
				ENABLE_TESTABILITY = YES;
				ENABLE_USER_SCRIPT_SANDBOXING = YES;
				GCC_C_LANGUAGE_STANDARD = gnu17;
				GCC_DYNAMIC_NO_PIC = NO;
				GCC_NO_COMMON_BLOCKS = YES;
				GCC_OPTIMIZATION_LEVEL = 0;
				GCC_PREPROCESSOR_DEFINITIONS = (
					"DEBUG=1",
					"$(inherited)",
				);
				GCC_WARN_64_TO_32_BIT_CONVERSION = YES;
				GCC_WARN_ABOUT_RETURN_TYPE = YES_ERROR;
				GCC_WARN_UNDECLARED_SELECTOR = YES;
				GCC_WARN_UNINITIALIZED_AUTOS = YES_AGGRESSIVE;
				GCC_WARN_UNUSED_FUNCTION = YES;
				GCC_WARN_UNUSED_VARIABLE = YES;
				IPHONEOS_DEPLOYMENT_TARGET = 13.0;
				LOCALIZATION_PREFERS_STRING_CATALOGS = YES;
				MTL_ENABLE_DEBUG_INFO = INCLUDE_SOURCE;
				MTL_FAST_MATH = YES;
				ONLY_ACTIVE_ARCH = YES;
				SDKROOT = iphoneos;
				SWIFT_ACTIVE_COMPILATION_CONDITIONS = "DEBUG $(inherited)";
				SWIFT_OPTIMIZATION_LEVEL = "-Onone";
			};
			name = Debug;
		};
		B730816D2C0A4AC1003D7748 /* Release */ = {
			isa = XCBuildConfiguration;
			buildSettings = {
				ALWAYS_SEARCH_USER_PATHS = NO;
				ASSETCATALOG_COMPILER_GENERATE_SWIFT_ASSET_SYMBOL_EXTENSIONS = YES;
				CLANG_ANALYZER_NONNULL = YES;
				CLANG_ANALYZER_NUMBER_OBJECT_CONVERSION = YES_AGGRESSIVE;
				CLANG_CXX_LANGUAGE_STANDARD = "gnu++20";
				CLANG_ENABLE_MODULES = YES;
				CLANG_ENABLE_OBJC_ARC = YES;
				CLANG_ENABLE_OBJC_WEAK = YES;
				CLANG_WARN_BLOCK_CAPTURE_AUTORELEASING = YES;
				CLANG_WARN_BOOL_CONVERSION = YES;
				CLANG_WARN_COMMA = YES;
				CLANG_WARN_CONSTANT_CONVERSION = YES;
				CLANG_WARN_DEPRECATED_OBJC_IMPLEMENTATIONS = YES;
				CLANG_WARN_DIRECT_OBJC_ISA_USAGE = YES_ERROR;
				CLANG_WARN_DOCUMENTATION_COMMENTS = YES;
				CLANG_WARN_EMPTY_BODY = YES;
				CLANG_WARN_ENUM_CONVERSION = YES;
				CLANG_WARN_INFINITE_RECURSION = YES;
				CLANG_WARN_INT_CONVERSION = YES;
				CLANG_WARN_NON_LITERAL_NULL_CONVERSION = YES;
				CLANG_WARN_OBJC_IMPLICIT_RETAIN_SELF = YES;
				CLANG_WARN_OBJC_LITERAL_CONVERSION = YES;
				CLANG_WARN_OBJC_ROOT_CLASS = YES_ERROR;
				CLANG_WARN_QUOTED_INCLUDE_IN_FRAMEWORK_HEADER = YES;
				CLANG_WARN_RANGE_LOOP_ANALYSIS = YES;
				CLANG_WARN_STRICT_PROTOTYPES = YES;
				CLANG_WARN_SUSPICIOUS_MOVE = YES;
				CLANG_WARN_UNGUARDED_AVAILABILITY = YES_AGGRESSIVE;
				CLANG_WARN_UNREACHABLE_CODE = YES;
				CLANG_WARN__DUPLICATE_METHOD_MATCH = YES;
				COPY_PHASE_STRIP = NO;
				DEBUG_INFORMATION_FORMAT = "dwarf-with-dsym";
				ENABLE_NS_ASSERTIONS = NO;
				ENABLE_STRICT_OBJC_MSGSEND = YES;
				ENABLE_USER_SCRIPT_SANDBOXING = YES;
				GCC_C_LANGUAGE_STANDARD = gnu17;
				GCC_NO_COMMON_BLOCKS = YES;
				GCC_WARN_64_TO_32_BIT_CONVERSION = YES;
				GCC_WARN_ABOUT_RETURN_TYPE = YES_ERROR;
				GCC_WARN_UNDECLARED_SELECTOR = YES;
				GCC_WARN_UNINITIALIZED_AUTOS = YES_AGGRESSIVE;
				GCC_WARN_UNUSED_FUNCTION = YES;
				GCC_WARN_UNUSED_VARIABLE = YES;
				IPHONEOS_DEPLOYMENT_TARGET = 13.0;
				LOCALIZATION_PREFERS_STRING_CATALOGS = YES;
				MTL_ENABLE_DEBUG_INFO = NO;
				MTL_FAST_MATH = YES;
				SDKROOT = iphoneos;
				SWIFT_COMPILATION_MODE = wholemodule;
				VALIDATE_PRODUCT = YES;
			};
			name = Release;
		};
		B730816F2C0A4AC1003D7748 /* Debug */ = {
			isa = XCBuildConfiguration;
			buildSettings = {
				ASSETCATALOG_COMPILER_APPICON_NAME = AppIcon;
				ASSETCATALOG_COMPILER_GLOBAL_ACCENT_COLOR_NAME = AccentColor;
				CODE_SIGN_STYLE = Automatic;
				CURRENT_PROJECT_VERSION = 1;
				GENERATE_INFOPLIST_FILE = YES;
				INFOPLIST_FILE = GoVenture/Info.plist;
				INFOPLIST_KEY_UIApplicationSupportsIndirectInputEvents = YES;
				INFOPLIST_KEY_UILaunchStoryboardName = LaunchScreen;
				INFOPLIST_KEY_UISupportedInterfaceOrientations_iPad = "UIInterfaceOrientationPortrait UIInterfaceOrientationPortraitUpsideDown UIInterfaceOrientationLandscapeLeft UIInterfaceOrientationLandscapeRight";
				INFOPLIST_KEY_UISupportedInterfaceOrientations_iPhone = "UIInterfaceOrientationPortrait UIInterfaceOrientationLandscapeLeft UIInterfaceOrientationLandscapeRight";
				LD_RUNPATH_SEARCH_PATHS = (
					"$(inherited)",
					"@executable_path/Frameworks",
				);
				MARKETING_VERSION = 1.0;
				PRODUCT_BUNDLE_IDENTIFIER = com.danpaymar.GoVenture;
				PRODUCT_NAME = "$(TARGET_NAME)";
				SWIFT_EMIT_LOC_STRINGS = YES;
				SWIFT_VERSION = 5.0;
				TARGETED_DEVICE_FAMILY = "1,2";
			};
			name = Debug;
		};
		B73081702C0A4AC1003D7748 /* Release */ = {
			isa = XCBuildConfiguration;
			buildSettings = {
				ASSETCATALOG_COMPILER_APPICON_NAME = AppIcon;
				ASSETCATALOG_COMPILER_GLOBAL_ACCENT_COLOR_NAME = AccentColor;
				CODE_SIGN_STYLE = Automatic;
				CURRENT_PROJECT_VERSION = 1;
				GENERATE_INFOPLIST_FILE = YES;
				INFOPLIST_FILE = GoVenture/Info.plist;
				INFOPLIST_KEY_UIApplicationSupportsIndirectInputEvents = YES;
				INFOPLIST_KEY_UILaunchStoryboardName = LaunchScreen;
				INFOPLIST_KEY_UISupportedInterfaceOrientations_iPad = "UIInterfaceOrientationPortrait UIInterfaceOrientationPortraitUpsideDown UIInterfaceOrientationLandscapeLeft UIInterfaceOrientationLandscapeRight";
				INFOPLIST_KEY_UISupportedInterfaceOrientations_iPhone = "UIInterfaceOrientationPortrait UIInterfaceOrientationLandscapeLeft UIInterfaceOrientationLandscapeRight";
				LD_RUNPATH_SEARCH_PATHS = (
					"$(inherited)",
					"@executable_path/Frameworks",
				);
				MARKETING_VERSION = 1.0;
				PRODUCT_BUNDLE_IDENTIFIER = com.danpaymar.GoVenture;
				PRODUCT_NAME = "$(TARGET_NAME)";
				SWIFT_EMIT_LOC_STRINGS = YES;
				SWIFT_VERSION = 5.0;
				TARGETED_DEVICE_FAMILY = "1,2";
			};
			name = Release;
		};
/* End XCBuildConfiguration section */

/* Begin XCConfigurationList section */
		B73081552C0A4AC0003D7748 /* Build configuration list for PBXProject "GoVenture" */ = {
			isa = XCConfigurationList;
			buildConfigurations = (
				B730816C2C0A4AC1003D7748 /* Debug */,
				B730816D2C0A4AC1003D7748 /* Release */,
			);
			defaultConfigurationIsVisible = 0;
			defaultConfigurationName = Release;
		};
		B730816E2C0A4AC1003D7748 /* Build configuration list for PBXNativeTarget "GoVenture" */ = {
			isa = XCConfigurationList;
			buildConfigurations = (
				B730816F2C0A4AC1003D7748 /* Debug */,
				B73081702C0A4AC1003D7748 /* Release */,
			);
			defaultConfigurationIsVisible = 0;
			defaultConfigurationName = Release;
		};
/* End XCConfigurationList section */

/* Begin XCRemoteSwiftPackageReference section */
		B77FA7842C0B8C3C0014B710 /* XCRemoteSwiftPackageReference "mapbox-maps-ios" */ = {
			isa = XCRemoteSwiftPackageReference;
			repositoryURL = "https://github.com/mapbox/mapbox-maps-ios.git";
			requirement = {
				kind = upToNextMajorVersion;
				minimumVersion = 11.0.0;
			};
		};
/* End XCRemoteSwiftPackageReference section */

/* Begin XCSwiftPackageProductDependency section */
		B77FA7852C0B8C3C0014B710 /* MapboxMaps */ = {
			isa = XCSwiftPackageProductDependency;
			package = B77FA7842C0B8C3C0014B710 /* XCRemoteSwiftPackageReference "mapbox-maps-ios" */;
			productName = MapboxMaps;
		};
/* End XCSwiftPackageProductDependency section */
	};
	rootObject = B73081522C0A4AC0003D7748 /* Project object */;
}
